
Microsoft Visual Studio Solution File, Format Version 12.00
Project("{FAE04EC0-301F-11D3-BF4B-00C04F79EFBC}") = "EmployeeLog.Api", "EmployeeLog.Api\EmployeeLog.Api.csproj", "{1CC2B5C8-F7A8-4919-A65F-527AA40DA189}"
EndProject
Project("{FAE04EC0-301F-11D3-BF4B-00C04F79EFBC}") = "EmployeeLog.Domain", "EmployeeLog.Domain\EmployeeLog.Domain.csproj", "{99319BF9-D54C-449E-9538-AD5D199ADCDE}"
EndProject
Project("{FAE04EC0-301F-11D3-BF4B-00C04F79EFBC}") = "EmployeeLog.Contracts", "EmployeeLog.Contracts\EmployeeLog.Contracts.csproj", "{EBDB7D78-E474-4148-9910-057560E17F1D}"
EndProject
Project("{FAE04EC0-301F-11D3-BF4B-00C04F79EFBC}") = "EmployeeLog.DB", "EmployeeLog.DB\EmployeeLog.DB.csproj", "{378470EA-40F7-4826-A016-B77AEB45BC50}"
EndProject
Project("{2150E333-8FDC-42A3-9474-1A3956D46DE8}") = "Solution Items", "Solution Items", "{2E0FAB28-B340-4FCB-BC66-F1439798A9D4}"
	ProjectSection(SolutionItems) = preProject
		docker-compose.yml = docker-compose.yml
	EndProjectSection
EndProject
Project("{FAE04EC0-301F-11D3-BF4B-00C04F79EFBC}") = "EmployeeLog.Infrastructure", "EmployeeLog.Infrastructure\EmployeeLog.Infrastructure.csproj", "{85A7DFF9-2824-4E9F-A1C0-15ADE467CE8C}"
EndProject
Global
	GlobalSection(SolutionConfigurationPlatforms) = preSolution
		Debug|Any CPU = Debug|Any CPU
		Release|Any CPU = Release|Any CPU
	EndGlobalSection
	GlobalSection(ProjectConfigurationPlatforms) = postSolution
		{1CC2B5C8-F7A8-4919-A65F-527AA40DA189}.Debug|Any CPU.ActiveCfg = Debug|Any CPU
		{1CC2B5C8-F7A8-4919-A65F-527AA40DA189}.Debug|Any CPU.Build.0 = Debug|Any CPU
		{1CC2B5C8-F7A8-4919-A65F-527AA40DA189}.Release|Any CPU.ActiveCfg = Release|Any CPU
		{1CC2B5C8-F7A8-4919-A65F-527AA40DA189}.Release|Any CPU.Build.0 = Release|Any CPU
		{99319BF9-D54C-449E-9538-AD5D199ADCDE}.Debug|Any CPU.ActiveCfg = Debug|Any CPU
		{99319BF9-D54C-449E-9538-AD5D199ADCDE}.Debug|Any CPU.Build.0 = Debug|Any CPU
		{99319BF9-D54C-449E-9538-AD5D199ADCDE}.Release|Any CPU.ActiveCfg = Release|Any CPU
		{99319BF9-D54C-449E-9538-AD5D199ADCDE}.Release|Any CPU.Build.0 = Release|Any CPU
		{EBDB7D78-E474-4148-9910-057560E17F1D}.Debug|Any CPU.ActiveCfg = Debug|Any CPU
		{EBDB7D78-E474-4148-9910-057560E17F1D}.Debug|Any CPU.Build.0 = Debug|Any CPU
		{EBDB7D78-E474-4148-9910-057560E17F1D}.Release|Any CPU.ActiveCfg = Release|Any CPU
		{EBDB7D78-E474-4148-9910-057560E17F1D}.Release|Any CPU.Build.0 = Release|Any CPU
		{378470EA-40F7-4826-A016-B77AEB45BC50}.Debug|Any CPU.ActiveCfg = Debug|Any CPU
		{378470EA-40F7-4826-A016-B77AEB45BC50}.Debug|Any CPU.Build.0 = Debug|Any CPU
		{378470EA-40F7-4826-A016-B77AEB45BC50}.Release|Any CPU.ActiveCfg = Release|Any CPU
		{378470EA-40F7-4826-A016-B77AEB45BC50}.Release|Any CPU.Build.0 = Release|Any CPU
		{85A7DFF9-2824-4E9F-A1C0-15ADE467CE8C}.Debug|Any CPU.ActiveCfg = Debug|Any CPU
		{85A7DFF9-2824-4E9F-A1C0-15ADE467CE8C}.Debug|Any CPU.Build.0 = Debug|Any CPU
		{85A7DFF9-2824-4E9F-A1C0-15ADE467CE8C}.Release|Any CPU.ActiveCfg = Release|Any CPU
		{85A7DFF9-2824-4E9F-A1C0-15ADE467CE8C}.Release|Any CPU.Build.0 = Release|Any CPU
	EndGlobalSection
EndGlobal
